{
  "name": "rocketseat-ignite",
  "lockfileVersion": 3,
  "requires": true,
  "packages": {
    "": {
      "dependencies": {
        "@fastify/cookie": "^9.3.1"
      }
    },
    "node_modules/@fastify/cookie": {
      "version": "9.3.1",
      "resolved": "https://registry.npmjs.org/@fastify/cookie/-/cookie-9.3.1.tgz",
      "integrity": "sha512-h1NAEhB266+ZbZ0e9qUE6NnNR07i7DnNXWG9VbbZ8uC6O/hxHpl+Zoe5sw1yfdZ2U6XhToUGDnzQtWJdCaPwfg==",
      "dependencies": {
        "cookie-signature": "^1.1.0",
        "fastify-plugin": "^4.0.0"
      }
    },
    "node_modules/cookie-signature": {
      "version": "1.2.1",
      "resolved": "https://registry.npmjs.org/cookie-signature/-/cookie-signature-1.2.1.tgz",
      "integrity": "sha512-78KWk9T26NhzXtuL26cIJ8/qNHANyJ/ZYrmEXFzUmhZdjpBv+DlWlOANRTGBt48YcyslsLrj0bMLFTmXvLRCOw==",
      "engines": {
        "node": ">=6.6.0"
      }
    },
    "node_modules/fastify-plugin": {
      "version": "4.5.1",
      "resolved": "https://registry.npmjs.org/fastify-plugin/-/fastify-plugin-4.5.1.tgz",
      "integrity": "sha512-stRHYGeuqpEZTL1Ef0Ovr2ltazUT9g844X5z/zEBFLG8RYlpDiOCIG+ATvYEp+/zmc7sN29mcIMp8gvYplYPIQ=="
    }
  }
}
